// !$*UTF8*$!
{
	archiveVersion = 1;
	classes = {
	};
	objectVersion = 46;
	objects = {

/* Begin PBXBuildFile section */
		1D3623260D0F684500981E51 /* i48AppDelegate.m in Sources */ = {isa = PBXBuildFile; fileRef = 1D3623250D0F684500981E51 /* i48AppDelegate.m */; };
		1D60589B0D05DD56006BFB54 /* main.m in Sources */ = {isa = PBXBuildFile; fileRef = 29B97316FDCFA39411CA2CEA /* main.m */; };
		1D60589F0D05DD5A006BFB54 /* Foundation.framework in Frameworks */ = {isa = PBXBuildFile; fileRef = 1D30AB110D05D00D00671497 /* Foundation.framework */; };
		1DF5F4E00D08C38300B7A737 /* UIKit.framework in Frameworks */ = {isa = PBXBuildFile; fileRef = 1DF5F4DF0D08C38300B7A737 /* UIKit.framework */; };
		280E754D0DD40C5E005A515E /* FlipsideView.xib in Resources */ = {isa = PBXBuildFile; fileRef = 280E754A0DD40C5E005A515E /* FlipsideView.xib */; };
		280E754E0DD40C5E005A515E /* MainView.xib in Resources */ = {isa = PBXBuildFile; fileRef = 280E754B0DD40C5E005A515E /* MainView.xib */; };
		280E754F0DD40C5E005A515E /* MainWindow.xib in Resources */ = {isa = PBXBuildFile; fileRef = 280E754C0DD40C5E005A515E /* MainWindow.xib */; };
		288765590DF743DE002DB57D /* CoreGraphics.framework in Frameworks */ = {isa = PBXBuildFile; fileRef = 288765580DF743DE002DB57D /* CoreGraphics.framework */; };
		289233A60DB2D0840083E9F9 /* FlipsideView.m in Sources */ = {isa = PBXBuildFile; fileRef = 289233A30DB2D0840083E9F9 /* FlipsideView.m */; };
		289233A70DB2D0840083E9F9 /* MainView.m in Sources */ = {isa = PBXBuildFile; fileRef = 289233A50DB2D0840083E9F9 /* MainView.m */; };
		289233AE0DB2D0DB0083E9F9 /* MainViewController.m in Sources */ = {isa = PBXBuildFile; fileRef = 289233A90DB2D0DB0083E9F9 /* MainViewController.m */; };
		289233AF0DB2D0DB0083E9F9 /* RootViewController.m in Sources */ = {isa = PBXBuildFile; fileRef = 289233AB0DB2D0DB0083E9F9 /* RootViewController.m */; };
		289233B00DB2D0DB0083E9F9 /* FlipsideViewController.m in Sources */ = {isa = PBXBuildFile; fileRef = 289233AD0DB2D0DB0083E9F9 /* FlipsideViewController.m */; };
		653025BF16CDFB2B003E018F /* MainView_retina4.xib in Resources */ = {isa = PBXBuildFile; fileRef = 653025BE16CDFB2B003E018F /* MainView_retina4.xib */; };
		653025C116CDFC8F003E018F /* MainView_froux_retina4.xib in Resources */ = {isa = PBXBuildFile; fileRef = 653025C016CDFC8F003E018F /* MainView_froux_retina4.xib */; };
		653025C516CE0155003E018F /* UIDevice+Resolutions.m in Sources */ = {isa = PBXBuildFile; fileRef = 653025C416CE0155003E018F /* UIDevice+Resolutions.m */; };
		653A91AA11C0BF6200A5CAB4 /* iPadMainMenu.xib in Resources */ = {isa = PBXBuildFile; fileRef = 653A91A911C0BF6200A5CAB4 /* iPadMainMenu.xib */; };
		655E47E30F94469C00F8AE5E /* device.c in Sources */ = {isa = PBXBuildFile; fileRef = 655E47BA0F94469C00F8AE5E /* device.c */; };
		655E47E60F94469C00F8AE5E /* emulate.c in Sources */ = {isa = PBXBuildFile; fileRef = 655E47BF0F94469C00F8AE5E /* emulate.c */; };
		655E47E80F94469C00F8AE5E /* init.c in Sources */ = {isa = PBXBuildFile; fileRef = 655E47C80F94469C00F8AE5E /* init.c */; };
		655E47EB0F94469C00F8AE5E /* memory.c in Sources */ = {isa = PBXBuildFile; fileRef = 655E47CB0F94469C00F8AE5E /* memory.c */; };
		655E47EE0F94469C00F8AE5E /* register.c in Sources */ = {isa = PBXBuildFile; fileRef = 655E47D00F94469C00F8AE5E /* register.c */; };
		655E47F00F94469C00F8AE5E /* romio.c in Sources */ = {isa = PBXBuildFile; fileRef = 655E47D30F94469C00F8AE5E /* romio.c */; };
		655E47F20F94469C00F8AE5E /* serial.c in Sources */ = {isa = PBXBuildFile; fileRef = 655E47D70F94469C00F8AE5E /* serial.c */; };
		655E47F30F94469C00F8AE5E /* timer.c in Sources */ = {isa = PBXBuildFile; fileRef = 655E47D90F94469C00F8AE5E /* timer.c */; };
		655E47F40F94469C00F8AE5E /* version.c in Sources */ = {isa = PBXBuildFile; fileRef = 655E47DB0F94469C00F8AE5E /* version.c */; };
		655E488B0F94535500F8AE5E /* actions.c in Sources */ = {isa = PBXBuildFile; fileRef = 655E47B10F94469C00F8AE5E /* actions.c */; };
		655E4A160F94B29E00F8AE5E /* hp48.rom in Resources */ = {isa = PBXBuildFile; fileRef = 655E4A150F94B29E00F8AE5E /* hp48.rom */; };
		655E4AB60F97D4C300F8AE5E /* ann1.png in Resources */ = {isa = PBXBuildFile; fileRef = 655E4AB00F97D4C300F8AE5E /* ann1.png */; };
		655E4AB70F97D4C300F8AE5E /* ann2.png in Resources */ = {isa = PBXBuildFile; fileRef = 655E4AB10F97D4C300F8AE5E /* ann2.png */; };
		655E4AB80F97D4C300F8AE5E /* ann3.png in Resources */ = {isa = PBXBuildFile; fileRef = 655E4AB20F97D4C300F8AE5E /* ann3.png */; };
		655E4AB90F97D4C300F8AE5E /* ann4.png in Resources */ = {isa = PBXBuildFile; fileRef = 655E4AB30F97D4C300F8AE5E /* ann4.png */; };
		655E4ABA0F97D4C300F8AE5E /* ann5.png in Resources */ = {isa = PBXBuildFile; fileRef = 655E4AB40F97D4C300F8AE5E /* ann5.png */; };
		655E4ABB0F97D4C300F8AE5E /* ann6.png in Resources */ = {isa = PBXBuildFile; fileRef = 655E4AB50F97D4C300F8AE5E /* ann6.png */; };
		65602C56105B9F910049FD60 /* Settings.bundle in Resources */ = {isa = PBXBuildFile; fileRef = 65602C55105B9F910049FD60 /* Settings.bundle */; };
		6570AA8C101C2B5C00275D68 /* icon_iPad.png in Resources */ = {isa = PBXBuildFile; fileRef = 6570AA8B101C2B5C00275D68 /* icon_iPad.png */; };
		657ADE74106A2908005EC323 /* MainView_froux.xib in Resources */ = {isa = PBXBuildFile; fileRef = 657ADE73106A2908005EC323 /* MainView_froux.xib */; };
		657ADE77106A2919005EC323 /* HP48_froux.png in Resources */ = {isa = PBXBuildFile; fileRef = 657ADE76106A2919005EC323 /* HP48_froux.png */; };
		657ADEB9106A3BB6005EC323 /* AudioToolbox.framework in Frameworks */ = {isa = PBXBuildFile; fileRef = 657ADEB8106A3BB6005EC323 /* AudioToolbox.framework */; };
		6581427817ED04B10030DBF3 /* MainView_froux_retina35.xib in Resources */ = {isa = PBXBuildFile; fileRef = 6581427617ED04B10030DBF3 /* MainView_froux_retina35.xib */; };
		6581427917ED04B10030DBF3 /* MainView_retina35.xib in Resources */ = {isa = PBXBuildFile; fileRef = 6581427717ED04B10030DBF3 /* MainView_retina35.xib */; };
		6586E04F16142EB3005DC100 /* Default-568h@2x.png in Resources */ = {isa = PBXBuildFile; fileRef = 6586E04E16142EB3005DC100 /* Default-568h@2x.png */; };
		658F6E61129544B400B68B3E /* icon.png in Resources */ = {isa = PBXBuildFile; fileRef = 658F6E60129544B400B68B3E /* icon.png */; };
		65AD5AB4128E42C400C767E5 /* MainView_iPad.xib in Resources */ = {isa = PBXBuildFile; fileRef = 65AD5AB3128E42C400C767E5 /* MainView_iPad.xib */; };
		65AD5B21128E502900C767E5 /* FlipsideView_iPad.xib in Resources */ = {isa = PBXBuildFile; fileRef = 65AD5B20128E502900C767E5 /* FlipsideView_iPad.xib */; };
		65AD5B2D128E506600C767E5 /* MainView_froux_iPad.xib in Resources */ = {isa = PBXBuildFile; fileRef = 65AD5B2C128E506600C767E5 /* MainView_froux_iPad.xib */; };
		65AD5BD3128EA4A800C767E5 /* CoreAudio.framework in Frameworks */ = {isa = PBXBuildFile; fileRef = 65AD5BD2128EA4A800C767E5 /* CoreAudio.framework */; };
		65F810A1101F0E8D00B94E0F /* background.png in Resources */ = {isa = PBXBuildFile; fileRef = 65F810A0101F0E8D00B94E0F /* background.png */; };
		65F810FF101F1EA700B94E0F /* about.html in Resources */ = {isa = PBXBuildFile; fileRef = 65F810FE101F1EA700B94E0F /* about.html */; };
		65FD6D661A05F04C0067B1AC /* click.aiff in Resources */ = {isa = PBXBuildFile; fileRef = 65FD6D651A05F04C0067B1AC /* click.aiff */; };
/* End PBXBuildFile section */

/* Begin PBXBuildRule section */
		65F81070101DC8BF00B94E0F /* PBXBuildRule */ = {
			isa = PBXBuildRule;
			compilerSpec = com.apple.compilers.gcc;
			fileType = sourcecode.c;
			isEditable = 1;
			outputFiles = (
			);
		};
/* End PBXBuildRule section */

/* Begin PBXFileReference section */
		1D30AB110D05D00D00671497 /* Foundation.framework */ = {isa = PBXFileReference; lastKnownFileType = wrapper.framework; name = Foundation.framework; path = System/Library/Frameworks/Foundation.framework; sourceTree = SDKROOT; };
		1D3623240D0F684500981E51 /* i48AppDelegate.h */ = {isa = PBXFileReference; fileEncoding = 4; lastKnownFileType = sourcecode.c.h; path = i48AppDelegate.h; sourceTree = "<group>"; };
		1D3623250D0F684500981E51 /* i48AppDelegate.m */ = {isa = PBXFileReference; fileEncoding = 4; lastKnownFileType = sourcecode.c.objc; path = i48AppDelegate.m; sourceTree = "<group>"; };
		1D6058910D05DD3D006BFB54 /* i48.app */ = {isa = PBXFileReference; explicitFileType = wrapper.application; includeInIndex = 0; path = i48.app; sourceTree = BUILT_PRODUCTS_DIR; };
		1DF5F4DF0D08C38300B7A737 /* UIKit.framework */ = {isa = PBXFileReference; lastKnownFileType = wrapper.framework; name = UIKit.framework; path = System/Library/Frameworks/UIKit.framework; sourceTree = SDKROOT; };
		280E754A0DD40C5E005A515E /* FlipsideView.xib */ = {isa = PBXFileReference; lastKnownFileType = file.xib; path = FlipsideView.xib; sourceTree = "<group>"; };
		280E754B0DD40C5E005A515E /* MainView.xib */ = {isa = PBXFileReference; lastKnownFileType = file.xib; path = MainView.xib; sourceTree = "<group>"; };
		280E754C0DD40C5E005A515E /* MainWindow.xib */ = {isa = PBXFileReference; lastKnownFileType = file.xib; path = MainWindow.xib; sourceTree = "<group>"; };
		288765580DF743DE002DB57D /* CoreGraphics.framework */ = {isa = PBXFileReference; lastKnownFileType = wrapper.framework; name = CoreGraphics.framework; path = System/Library/Frameworks/CoreGraphics.framework; sourceTree = SDKROOT; };
		289233A20DB2D0840083E9F9 /* FlipsideView.h */ = {isa = PBXFileReference; fileEncoding = 4; lastKnownFileType = sourcecode.c.h; name = FlipsideView.h; path = Classes/FlipsideView.h; sourceTree = "<group>"; };
		289233A30DB2D0840083E9F9 /* FlipsideView.m */ = {isa = PBXFileReference; fileEncoding = 4; lastKnownFileType = sourcecode.c.objc; name = FlipsideView.m; path = Classes/FlipsideView.m; sourceTree = "<group>"; };
		289233A40DB2D0840083E9F9 /* MainView.h */ = {isa = PBXFileReference; fileEncoding = 4; lastKnownFileType = sourcecode.c.h; name = MainView.h; path = Classes/MainView.h; sourceTree = "<group>"; };
		289233A50DB2D0840083E9F9 /* MainView.m */ = {isa = PBXFileReference; fileEncoding = 4; lastKnownFileType = sourcecode.c.objc; name = MainView.m; path = Classes/MainView.m; sourceTree = "<group>"; };
		289233A80DB2D0DB0083E9F9 /* MainViewController.h */ = {isa = PBXFileReference; fileEncoding = 4; lastKnownFileType = sourcecode.c.h; name = MainViewController.h; path = Classes/MainViewController.h; sourceTree = "<group>"; };
		289233A90DB2D0DB0083E9F9 /* MainViewController.m */ = {isa = PBXFileReference; fileEncoding = 4; lastKnownFileType = sourcecode.c.objc; name = MainViewController.m; path = Classes/MainViewController.m; sourceTree = "<group>"; };
		289233AA0DB2D0DB0083E9F9 /* RootViewController.h */ = {isa = PBXFileReference; fileEncoding = 4; lastKnownFileType = sourcecode.c.h; path = RootViewController.h; sourceTree = "<group>"; };
		289233AB0DB2D0DB0083E9F9 /* RootViewController.m */ = {isa = PBXFileReference; fileEncoding = 4; lastKnownFileType = sourcecode.c.objc; path = RootViewController.m; sourceTree = "<group>"; };
		289233AC0DB2D0DB0083E9F9 /* FlipsideViewController.h */ = {isa = PBXFileReference; fileEncoding = 4; lastKnownFileType = sourcecode.c.h; name = FlipsideViewController.h; path = Classes/FlipsideViewController.h; sourceTree = "<group>"; };
		289233AD0DB2D0DB0083E9F9 /* FlipsideViewController.m */ = {isa = PBXFileReference; fileEncoding = 4; lastKnownFileType = sourcecode.c.objc; name = FlipsideViewController.m; path = Classes/FlipsideViewController.m; sourceTree = "<group>"; };
		29B97316FDCFA39411CA2CEA /* main.m */ = {isa = PBXFileReference; fileEncoding = 4; lastKnownFileType = sourcecode.c.objc; path = main.m; sourceTree = "<group>"; };
		32CA4F630368D1EE00C91783 /* i48_Prefix.pch */ = {isa = PBXFileReference; fileEncoding = 4; lastKnownFileType = sourcecode.c.h; path = i48_Prefix.pch; sourceTree = "<group>"; };
		653025BE16CDFB2B003E018F /* MainView_retina4.xib */ = {isa = PBXFileReference; fileEncoding = 4; lastKnownFileType = file.xib; path = MainView_retina4.xib; sourceTree = "<group>"; };
		653025C016CDFC8F003E018F /* MainView_froux_retina4.xib */ = {isa = PBXFileReference; fileEncoding = 4; lastKnownFileType = file.xib; path = MainView_froux_retina4.xib; sourceTree = "<group>"; };
		653025C316CE0155003E018F /* UIDevice+Resolutions.h */ = {isa = PBXFileReference; fileEncoding = 4; lastKnownFileType = sourcecode.c.h; path = "UIDevice+Resolutions.h"; sourceTree = "<group>"; };
		653025C416CE0155003E018F /* UIDevice+Resolutions.m */ = {isa = PBXFileReference; fileEncoding = 4; lastKnownFileType = sourcecode.c.objc; path = "UIDevice+Resolutions.m"; sourceTree = "<group>"; };
		653A91A911C0BF6200A5CAB4 /* iPadMainMenu.xib */ = {isa = PBXFileReference; lastKnownFileType = file.xib; path = iPadMainMenu.xib; sourceTree = "<group>"; };
		655E47B10F94469C00F8AE5E /* actions.c */ = {isa = PBXFileReference; fileEncoding = 4; lastKnownFileType = sourcecode.c.c; name = actions.c; path = emulator/actions.c; sourceTree = "<group>"; };
		655E47B30F94469C00F8AE5E /* append.h */ = {isa = PBXFileReference; fileEncoding = 4; lastKnownFileType = sourcecode.c.h; name = append.h; path = emulator/append.h; sourceTree = "<group>"; };
		655E47B60F94469C00F8AE5E /* config.h */ = {isa = PBXFileReference; fileEncoding = 4; lastKnownFileType = sourcecode.c.h; name = config.h; path = emulator/config.h; sourceTree = "<group>"; };
		655E47B70F94469C00F8AE5E /* constants.h */ = {isa = PBXFileReference; fileEncoding = 4; lastKnownFileType = sourcecode.c.h; name = constants.h; path = emulator/constants.h; sourceTree = "<group>"; };
		655E47BA0F94469C00F8AE5E /* device.c */ = {isa = PBXFileReference; fileEncoding = 4; lastKnownFileType = sourcecode.c.c; name = device.c; path = emulator/device.c; sourceTree = "<group>"; };
		655E47BB0F94469C00F8AE5E /* device.h */ = {isa = PBXFileReference; fileEncoding = 4; lastKnownFileType = sourcecode.c.h; name = device.h; path = emulator/device.h; sourceTree = "<group>"; };
		655E47BC0F94469C00F8AE5E /* disasm.c */ = {isa = PBXFileReference; fileEncoding = 4; lastKnownFileType = sourcecode.c.c; name = disasm.c; path = emulator/disasm.c; sourceTree = "<group>"; };
		655E47BD0F94469C00F8AE5E /* disasm.h */ = {isa = PBXFileReference; fileEncoding = 4; lastKnownFileType = sourcecode.c.h; name = disasm.h; path = emulator/disasm.h; sourceTree = "<group>"; };
		655E47BF0F94469C00F8AE5E /* emulate.c */ = {isa = PBXFileReference; fileEncoding = 4; lastKnownFileType = sourcecode.c.c; name = emulate.c; path = emulator/emulate.c; sourceTree = "<group>"; };
		655E47C10F94469C00F8AE5E /* errors.h */ = {isa = PBXFileReference; fileEncoding = 4; lastKnownFileType = sourcecode.c.h; name = errors.h; path = emulator/errors.h; sourceTree = "<group>"; };
		655E47C20F94469C00F8AE5E /* global.h */ = {isa = PBXFileReference; fileEncoding = 4; lastKnownFileType = sourcecode.c.h; name = global.h; path = emulator/global.h; sourceTree = "<group>"; };
		655E47C30F94469C00F8AE5E /* hp.h */ = {isa = PBXFileReference; fileEncoding = 4; lastKnownFileType = sourcecode.c.h; name = hp.h; path = emulator/hp.h; sourceTree = "<group>"; };
		655E47C40F94469C00F8AE5E /* hp48.h */ = {isa = PBXFileReference; fileEncoding = 4; lastKnownFileType = sourcecode.c.h; name = hp48.h; path = emulator/hp48.h; sourceTree = "<group>"; };
		655E47C50F94469C00F8AE5E /* hp48_emu.h */ = {isa = PBXFileReference; fileEncoding = 4; lastKnownFileType = sourcecode.c.h; name = hp48_emu.h; path = emulator/hp48_emu.h; sourceTree = "<group>"; };
		655E47C60F94469C00F8AE5E /* hp48char.h */ = {isa = PBXFileReference; fileEncoding = 4; lastKnownFileType = sourcecode.c.h; name = hp48char.h; path = emulator/hp48char.h; sourceTree = "<group>"; };
		655E47C80F94469C00F8AE5E /* init.c */ = {isa = PBXFileReference; fileEncoding = 4; lastKnownFileType = sourcecode.c.c; name = init.c; path = emulator/init.c; sourceTree = "<group>"; };
		655E47CB0F94469C00F8AE5E /* memory.c */ = {isa = PBXFileReference; fileEncoding = 4; lastKnownFileType = sourcecode.c.c; name = memory.c; path = emulator/memory.c; sourceTree = "<group>"; };
		655E47CD0F94469C00F8AE5E /* mmu.h */ = {isa = PBXFileReference; fileEncoding = 4; lastKnownFileType = sourcecode.c.h; name = mmu.h; path = emulator/mmu.h; sourceTree = "<group>"; };
		655E47D00F94469C00F8AE5E /* register.c */ = {isa = PBXFileReference; fileEncoding = 4; lastKnownFileType = sourcecode.c.c; name = register.c; path = emulator/register.c; sourceTree = "<group>"; };
		655E47D30F94469C00F8AE5E /* romio.c */ = {isa = PBXFileReference; fileEncoding = 4; lastKnownFileType = sourcecode.c.c; name = romio.c; path = emulator/romio.c; sourceTree = "<group>"; };
		655E47D40F94469C00F8AE5E /* romio.h */ = {isa = PBXFileReference; fileEncoding = 4; lastKnownFileType = sourcecode.c.h; name = romio.h; path = emulator/romio.h; sourceTree = "<group>"; };
		655E47D50F94469C00F8AE5E /* rpl.c */ = {isa = PBXFileReference; fileEncoding = 4; lastKnownFileType = sourcecode.c.c; name = rpl.c; path = emulator/rpl.c; sourceTree = "<group>"; };
		655E47D60F94469C00F8AE5E /* rpl.h */ = {isa = PBXFileReference; fileEncoding = 4; lastKnownFileType = sourcecode.c.h; name = rpl.h; path = emulator/rpl.h; sourceTree = "<group>"; };
		655E47D70F94469C00F8AE5E /* serial.c */ = {isa = PBXFileReference; fileEncoding = 4; lastKnownFileType = sourcecode.c.c; name = serial.c; path = emulator/serial.c; sourceTree = "<group>"; };
		655E47D90F94469C00F8AE5E /* timer.c */ = {isa = PBXFileReference; fileEncoding = 4; lastKnownFileType = sourcecode.c.c; name = timer.c; path = emulator/timer.c; sourceTree = "<group>"; };
		655E47DA0F94469C00F8AE5E /* timer.h */ = {isa = PBXFileReference; fileEncoding = 4; lastKnownFileType = sourcecode.c.h; name = timer.h; path = emulator/timer.h; sourceTree = "<group>"; };
		655E47DB0F94469C00F8AE5E /* version.c */ = {isa = PBXFileReference; fileEncoding = 4; lastKnownFileType = sourcecode.c.c; name = version.c; path = emulator/version.c; sourceTree = "<group>"; };
		655E47DC0F94469C00F8AE5E /* version.h */ = {isa = PBXFileReference; fileEncoding = 4; lastKnownFileType = sourcecode.c.h; name = version.h; path = emulator/version.h; sourceTree = "<group>"; };
		655E4A150F94B29E00F8AE5E /* hp48.rom */ = {isa = PBXFileReference; lastKnownFileType = file; path = hp48.rom; sourceTree = "<group>"; };
		655E4AB00F97D4C300F8AE5E /* ann1.png */ = {isa = PBXFileReference; lastKnownFileType = image.png; path = ann1.png; sourceTree = "<group>"; };
		655E4AB10F97D4C300F8AE5E /* ann2.png */ = {isa = PBXFileReference; lastKnownFileType = image.png; path = ann2.png; sourceTree = "<group>"; };
		655E4AB20F97D4C300F8AE5E /* ann3.png */ = {isa = PBXFileReference; lastKnownFileType = image.png; path = ann3.png; sourceTree = "<group>"; };
		655E4AB30F97D4C300F8AE5E /* ann4.png */ = {isa = PBXFileReference; lastKnownFileType = image.png; path = ann4.png; sourceTree = "<group>"; };
		655E4AB40F97D4C300F8AE5E /* ann5.png */ = {isa = PBXFileReference; lastKnownFileType = image.png; path = ann5.png; sourceTree = "<group>"; };
		655E4AB50F97D4C300F8AE5E /* ann6.png */ = {isa = PBXFileReference; lastKnownFileType = image.png; path = ann6.png; sourceTree = "<group>"; };
		65602C55105B9F910049FD60 /* Settings.bundle */ = {isa = PBXFileReference; lastKnownFileType = "wrapper.plug-in"; path = Settings.bundle; sourceTree = "<group>"; };
		6570AA8B101C2B5C00275D68 /* icon_iPad.png */ = {isa = PBXFileReference; lastKnownFileType = image.png; path = icon_iPad.png; sourceTree = "<group>"; };
		657ADE73106A2908005EC323 /* MainView_froux.xib */ = {isa = PBXFileReference; lastKnownFileType = file.xib; path = MainView_froux.xib; sourceTree = "<group>"; };
		657ADE76106A2919005EC323 /* HP48_froux.png */ = {isa = PBXFileReference; lastKnownFileType = image.png; path = HP48_froux.png; sourceTree = "<group>"; };
		657ADEB8106A3BB6005EC323 /* AudioToolbox.framework */ = {isa = PBXFileReference; lastKnownFileType = wrapper.framework; name = AudioToolbox.framework; path = /System/Library/Frameworks/AudioToolbox.framework; sourceTree = "<absolute>"; };
		6581427617ED04B10030DBF3 /* MainView_froux_retina35.xib */ = {isa = PBXFileReference; fileEncoding = 4; lastKnownFileType = file.xib; path = MainView_froux_retina35.xib; sourceTree = "<group>"; };
		6581427717ED04B10030DBF3 /* MainView_retina35.xib */ = {isa = PBXFileReference; fileEncoding = 4; lastKnownFileType = file.xib; path = MainView_retina35.xib; sourceTree = "<group>"; };
		6586E04E16142EB3005DC100 /* Default-568h@2x.png */ = {isa = PBXFileReference; lastKnownFileType = image.png; path = "Default-568h@2x.png"; sourceTree = "<group>"; };
		658F6E60129544B400B68B3E /* icon.png */ = {isa = PBXFileReference; lastKnownFileType = image.png; path = icon.png; sourceTree = "<group>"; };
		65AD5AB3128E42C400C767E5 /* MainView_iPad.xib */ = {isa = PBXFileReference; lastKnownFileType = file.xib; path = MainView_iPad.xib; sourceTree = "<group>"; };
		65AD5B20128E502900C767E5 /* FlipsideView_iPad.xib */ = {isa = PBXFileReference; lastKnownFileType = file.xib; path = FlipsideView_iPad.xib; sourceTree = "<group>"; };
		65AD5B2C128E506600C767E5 /* MainView_froux_iPad.xib */ = {isa = PBXFileReference; lastKnownFileType = file.xib; path = MainView_froux_iPad.xib; sourceTree = "<group>"; };
		65AD5BD2128EA4A800C767E5 /* CoreAudio.framework */ = {isa = PBXFileReference; lastKnownFileType = wrapper.framework; name = CoreAudio.framework; path = System/Library/Frameworks/CoreAudio.framework; sourceTree = SDKROOT; };
		65AED677129B24B200DA2205 /* Entitlements.plist */ = {isa = PBXFileReference; fileEncoding = 4; lastKnownFileType = text.plist.xml; path = Entitlements.plist; sourceTree = "<group>"; };
		65F810A0101F0E8D00B94E0F /* background.png */ = {isa = PBXFileReference; lastKnownFileType = image.png; path = background.png; sourceTree = "<group>"; };
		65F810FE101F1EA700B94E0F /* about.html */ = {isa = PBXFileReference; fileEncoding = 4; lastKnownFileType = text.html; path = about.html; sourceTree = "<group>"; };
		65FD6D651A05F04C0067B1AC /* click.aiff */ = {isa = PBXFileReference; lastKnownFileType = audio.aiff; name = click.aiff; path = Sounds/click.aiff; sourceTree = "<group>"; };
		8D1107310486CEB800E47090 /* Info.plist */ = {isa = PBXFileReference; fileEncoding = 4; lastKnownFileType = text.plist.xml; path = Info.plist; sourceTree = "<group>"; };
/* End PBXFileReference section */

/* Begin PBXFrameworksBuildPhase section */
		1D60588F0D05DD3D006BFB54 /* Frameworks */ = {
			isa = PBXFrameworksBuildPhase;
			buildActionMask = 2147483647;
			files = (
				1D60589F0D05DD5A006BFB54 /* Foundation.framework in Frameworks */,
				1DF5F4E00D08C38300B7A737 /* UIKit.framework in Frameworks */,
				288765590DF743DE002DB57D /* CoreGraphics.framework in Frameworks */,
				657ADEB9106A3BB6005EC323 /* AudioToolbox.framework in Frameworks */,
				65AD5BD3128EA4A800C767E5 /* CoreAudio.framework in Frameworks */,
			);
			runOnlyForDeploymentPostprocessing = 0;
		};
/* End PBXFrameworksBuildPhase section */

/* Begin PBXGroup section */
		080E96DDFE201D6D7F000001 /* Application Controllers */ = {
			isa = PBXGroup;
			children = (
				289233AA0DB2D0DB0083E9F9 /* RootViewController.h */,
				289233AB0DB2D0DB0083E9F9 /* RootViewController.m */,
				1D3623240D0F684500981E51 /* i48AppDelegate.h */,
				1D3623250D0F684500981E51 /* i48AppDelegate.m */,
			);
			name = "Application Controllers";
			path = Classes;
			sourceTree = "<group>";
		};
		19C28FACFE9D520D11CA2CBB /* Products */ = {
			isa = PBXGroup;
			children = (
				1D6058910D05DD3D006BFB54 /* i48.app */,
			);
			name = Products;
			sourceTree = "<group>";
		};
		281C6CD70DB2D82200F60ACC /* Flipside View */ = {
			isa = PBXGroup;
			children = (
				289233A20DB2D0840083E9F9 /* FlipsideView.h */,
				289233A30DB2D0840083E9F9 /* FlipsideView.m */,
				289233AC0DB2D0DB0083E9F9 /* FlipsideViewController.h */,
				289233AD0DB2D0DB0083E9F9 /* FlipsideViewController.m */,
			);
			name = "Flipside View";
			sourceTree = "<group>";
		};
		289233A00DB2D0730083E9F9 /* Main View */ = {
			isa = PBXGroup;
			children = (
				289233A40DB2D0840083E9F9 /* MainView.h */,
				289233A50DB2D0840083E9F9 /* MainView.m */,
				289233A80DB2D0DB0083E9F9 /* MainViewController.h */,
				289233A90DB2D0DB0083E9F9 /* MainViewController.m */,
			);
			name = "Main View";
			sourceTree = "<group>";
		};
		29B97314FDCFA39411CA2CEA /* CustomTemplate */ = {
			isa = PBXGroup;
			children = (
				653025C216CE011D003E018F /* Utilities */,
				655E47B00F94468A00F8AE5E /* Emulator */,
				289233A00DB2D0730083E9F9 /* Main View */,
				281C6CD70DB2D82200F60ACC /* Flipside View */,
				080E96DDFE201D6D7F000001 /* Application Controllers */,
				29B97315FDCFA39411CA2CEA /* Other Sources */,
				29B97317FDCFA39411CA2CEA /* Resources */,
				29B97323FDCFA39411CA2CEA /* Frameworks */,
				19C28FACFE9D520D11CA2CBB /* Products */,
				65602C55105B9F910049FD60 /* Settings.bundle */,
			);
			name = CustomTemplate;
			sourceTree = "<group>";
		};
		29B97315FDCFA39411CA2CEA /* Other Sources */ = {
			isa = PBXGroup;
			children = (
				32CA4F630368D1EE00C91783 /* i48_Prefix.pch */,
				29B97316FDCFA39411CA2CEA /* main.m */,
			);
			name = "Other Sources";
			sourceTree = "<group>";
		};
		29B97317FDCFA39411CA2CEA /* Resources */ = {
			isa = PBXGroup;
			children = (
				65AD5ABC128E431A00C767E5 /* Common */,
				65AD5ABB128E431400C767E5 /* iPhone */,
				6581427517ED04560030DBF3 /* Retina 3.5 inch */,
				653025B916CDE49B003E018F /* Retina 4 inch */,
				65AD5ABA128E430D00C767E5 /* iPad */,
			);
			name = Resources;
			sourceTree = "<group>";
		};
		29B97323FDCFA39411CA2CEA /* Frameworks */ = {
			isa = PBXGroup;
			children = (
				1DF5F4DF0D08C38300B7A737 /* UIKit.framework */,
				1D30AB110D05D00D00671497 /* Foundation.framework */,
				288765580DF743DE002DB57D /* CoreGraphics.framework */,
				657ADEB8106A3BB6005EC323 /* AudioToolbox.framework */,
				65AD5BD2128EA4A800C767E5 /* CoreAudio.framework */,
			);
			name = Frameworks;
			sourceTree = "<group>";
		};
		653025B916CDE49B003E018F /* Retina 4 inch */ = {
			isa = PBXGroup;
			children = (
				653025C016CDFC8F003E018F /* MainView_froux_retina4.xib */,
				653025BE16CDFB2B003E018F /* MainView_retina4.xib */,
			);
			name = "Retina 4 inch";
			sourceTree = "<group>";
		};
		653025C216CE011D003E018F /* Utilities */ = {
			isa = PBXGroup;
			children = (
				653025C316CE0155003E018F /* UIDevice+Resolutions.h */,
				653025C416CE0155003E018F /* UIDevice+Resolutions.m */,
			);
			name = Utilities;
			sourceTree = "<group>";
		};
		655E47B00F94468A00F8AE5E /* Emulator */ = {
			isa = PBXGroup;
			children = (
				655E47B10F94469C00F8AE5E /* actions.c */,
				655E47B30F94469C00F8AE5E /* append.h */,
				655E47B60F94469C00F8AE5E /* config.h */,
				655E47B70F94469C00F8AE5E /* constants.h */,
				655E47BA0F94469C00F8AE5E /* device.c */,
				655E47BB0F94469C00F8AE5E /* device.h */,
				655E47BC0F94469C00F8AE5E /* disasm.c */,
				655E47BD0F94469C00F8AE5E /* disasm.h */,
				655E47BF0F94469C00F8AE5E /* emulate.c */,
				655E47C10F94469C00F8AE5E /* errors.h */,
				655E47C20F94469C00F8AE5E /* global.h */,
				655E47C30F94469C00F8AE5E /* hp.h */,
				655E47C40F94469C00F8AE5E /* hp48.h */,
				655E47C50F94469C00F8AE5E /* hp48_emu.h */,
				655E47C60F94469C00F8AE5E /* hp48char.h */,
				655E47C80F94469C00F8AE5E /* init.c */,
				655E47CB0F94469C00F8AE5E /* memory.c */,
				655E47CD0F94469C00F8AE5E /* mmu.h */,
				655E47D00F94469C00F8AE5E /* register.c */,
				655E47D30F94469C00F8AE5E /* romio.c */,
				655E47D40F94469C00F8AE5E /* romio.h */,
				655E47D50F94469C00F8AE5E /* rpl.c */,
				655E47D60F94469C00F8AE5E /* rpl.h */,
				655E47D70F94469C00F8AE5E /* serial.c */,
				655E47D90F94469C00F8AE5E /* timer.c */,
				655E47DA0F94469C00F8AE5E /* timer.h */,
				655E47DB0F94469C00F8AE5E /* version.c */,
				655E47DC0F94469C00F8AE5E /* version.h */,
			);
			name = Emulator;
			sourceTree = "<group>";
		};
		6581427517ED04560030DBF3 /* Retina 3.5 inch */ = {
			isa = PBXGroup;
			children = (
				6581427617ED04B10030DBF3 /* MainView_froux_retina35.xib */,
				6581427717ED04B10030DBF3 /* MainView_retina35.xib */,
			);
			name = "Retina 3.5 inch";
			sourceTree = "<group>";
		};
		65AD5ABA128E430D00C767E5 /* iPad */ = {
			isa = PBXGroup;
			children = (
				6570AA8B101C2B5C00275D68 /* icon_iPad.png */,
				653A91A911C0BF6200A5CAB4 /* iPadMainMenu.xib */,
				65AD5AB3128E42C400C767E5 /* MainView_iPad.xib */,
				65AD5B20128E502900C767E5 /* FlipsideView_iPad.xib */,
				65AD5B2C128E506600C767E5 /* MainView_froux_iPad.xib */,
			);
			name = iPad;
			sourceTree = "<group>";
		};
		65AD5ABB128E431400C767E5 /* iPhone */ = {
			isa = PBXGroup;
			children = (
				658F6E60129544B400B68B3E /* icon.png */,
				280E754A0DD40C5E005A515E /* FlipsideView.xib */,
				280E754B0DD40C5E005A515E /* MainView.xib */,
				280E754C0DD40C5E005A515E /* MainWindow.xib */,
				657ADE73106A2908005EC323 /* MainView_froux.xib */,
			);
			name = iPhone;
			sourceTree = "<group>";
		};
		65AD5ABC128E431A00C767E5 /* Common */ = {
			isa = PBXGroup;
			children = (
				65FD6D651A05F04C0067B1AC /* click.aiff */,
				657ADE76106A2919005EC323 /* HP48_froux.png */,
				65F810A0101F0E8D00B94E0F /* background.png */,
				6586E04E16142EB3005DC100 /* Default-568h@2x.png */,
				8D1107310486CEB800E47090 /* Info.plist */,
				65F810FE101F1EA700B94E0F /* about.html */,
				655E4A150F94B29E00F8AE5E /* hp48.rom */,
				655E4AB00F97D4C300F8AE5E /* ann1.png */,
				655E4AB10F97D4C300F8AE5E /* ann2.png */,
				655E4AB20F97D4C300F8AE5E /* ann3.png */,
				655E4AB30F97D4C300F8AE5E /* ann4.png */,
				655E4AB40F97D4C300F8AE5E /* ann5.png */,
				655E4AB50F97D4C300F8AE5E /* ann6.png */,
				65AED677129B24B200DA2205 /* Entitlements.plist */,
			);
			name = Common;
			sourceTree = "<group>";
		};
/* End PBXGroup section */

/* Begin PBXNativeTarget section */
		1D6058900D05DD3D006BFB54 /* i48 */ = {
			isa = PBXNativeTarget;
			buildConfigurationList = 1D6058960D05DD3E006BFB54 /* Build configuration list for PBXNativeTarget "i48" */;
			buildPhases = (
				1D60588D0D05DD3D006BFB54 /* Resources */,
				1D60588E0D05DD3D006BFB54 /* Sources */,
				1D60588F0D05DD3D006BFB54 /* Frameworks */,
			);
			buildRules = (
				65F81070101DC8BF00B94E0F /* PBXBuildRule */,
			);
			dependencies = (
			);
			name = i48;
			productName = i48;
			productReference = 1D6058910D05DD3D006BFB54 /* i48.app */;
			productType = "com.apple.product-type.application";
		};
/* End PBXNativeTarget section */

/* Begin PBXProject section */
		29B97313FDCFA39411CA2CEA /* Project object */ = {
			isa = PBXProject;
			attributes = {
				LastUpgradeCheck = 0700;
				TargetAttributes = {
					1D6058900D05DD3D006BFB54 = {
						DevelopmentTeam = AP4EL24GMZ;
					};
				};
			};
			buildConfigurationList = C01FCF4E08A954540054247B /* Build configuration list for PBXProject "i48" */;
			compatibilityVersion = "Xcode 3.2";
			developmentRegion = English;
			hasScannedForEncodings = 1;
			knownRegions = (
				English,
				Japanese,
				French,
				German,
				en,
			);
			mainGroup = 29B97314FDCFA39411CA2CEA /* CustomTemplate */;
			projectDirPath = "";
			projectRoot = "";
			targets = (
				1D6058900D05DD3D006BFB54 /* i48 */,
			);
		};
/* End PBXProject section */

/* Begin PBXResourcesBuildPhase section */
		1D60588D0D05DD3D006BFB54 /* Resources */ = {
			isa = PBXResourcesBuildPhase;
			buildActionMask = 2147483647;
			files = (
				6581427917ED04B10030DBF3 /* MainView_retina35.xib in Resources */,
				280E754D0DD40C5E005A515E /* FlipsideView.xib in Resources */,
				280E754E0DD40C5E005A515E /* MainView.xib in Resources */,
				280E754F0DD40C5E005A515E /* MainWindow.xib in Resources */,
				655E4A160F94B29E00F8AE5E /* hp48.rom in Resources */,
				655E4AB60F97D4C300F8AE5E /* ann1.png in Resources */,
				655E4AB70F97D4C300F8AE5E /* ann2.png in Resources */,
				655E4AB80F97D4C300F8AE5E /* ann3.png in Resources */,
				655E4AB90F97D4C300F8AE5E /* ann4.png in Resources */,
				6581427817ED04B10030DBF3 /* MainView_froux_retina35.xib in Resources */,
				655E4ABA0F97D4C300F8AE5E /* ann5.png in Resources */,
				655E4ABB0F97D4C300F8AE5E /* ann6.png in Resources */,
				65FD6D661A05F04C0067B1AC /* click.aiff in Resources */,
				6570AA8C101C2B5C00275D68 /* icon_iPad.png in Resources */,
				65F810A1101F0E8D00B94E0F /* background.png in Resources */,
				65F810FF101F1EA700B94E0F /* about.html in Resources */,
				65602C56105B9F910049FD60 /* Settings.bundle in Resources */,
				657ADE74106A2908005EC323 /* MainView_froux.xib in Resources */,
				657ADE77106A2919005EC323 /* HP48_froux.png in Resources */,
				653A91AA11C0BF6200A5CAB4 /* iPadMainMenu.xib in Resources */,
				65AD5AB4128E42C400C767E5 /* MainView_iPad.xib in Resources */,
				65AD5B21128E502900C767E5 /* FlipsideView_iPad.xib in Resources */,
				65AD5B2D128E506600C767E5 /* MainView_froux_iPad.xib in Resources */,
				658F6E61129544B400B68B3E /* icon.png in Resources */,
				6586E04F16142EB3005DC100 /* Default-568h@2x.png in Resources */,
				653025BF16CDFB2B003E018F /* MainView_retina4.xib in Resources */,
				653025C116CDFC8F003E018F /* MainView_froux_retina4.xib in Resources */,
			);
			runOnlyForDeploymentPostprocessing = 0;
		};
/* End PBXResourcesBuildPhase section */

/* Begin PBXSourcesBuildPhase section */
		1D60588E0D05DD3D006BFB54 /* Sources */ = {
			isa = PBXSourcesBuildPhase;
			buildActionMask = 2147483647;
			files = (
				1D60589B0D05DD56006BFB54 /* main.m in Sources */,
				1D3623260D0F684500981E51 /* i48AppDelegate.m in Sources */,
				289233A60DB2D0840083E9F9 /* FlipsideView.m in Sources */,
				289233A70DB2D0840083E9F9 /* MainView.m in Sources */,
				289233AE0DB2D0DB0083E9F9 /* MainViewController.m in Sources */,
				289233AF0DB2D0DB0083E9F9 /* RootViewController.m in Sources */,
				289233B00DB2D0DB0083E9F9 /* FlipsideViewController.m in Sources */,
				655E47E30F94469C00F8AE5E /* device.c in Sources */,
				655E47E60F94469C00F8AE5E /* emulate.c in Sources */,
				655E47E80F94469C00F8AE5E /* init.c in Sources */,
				655E47EB0F94469C00F8AE5E /* memory.c in Sources */,
				655E47EE0F94469C00F8AE5E /* register.c in Sources */,
				655E47F00F94469C00F8AE5E /* romio.c in Sources */,
				655E47F20F94469C00F8AE5E /* serial.c in Sources */,
				655E47F30F94469C00F8AE5E /* timer.c in Sources */,
				655E47F40F94469C00F8AE5E /* version.c in Sources */,
				655E488B0F94535500F8AE5E /* actions.c in Sources */,
				653025C516CE0155003E018F /* UIDevice+Resolutions.m in Sources */,
			);
			runOnlyForDeploymentPostprocessing = 0;
		};
/* End PBXSourcesBuildPhase section */

/* Begin XCBuildConfiguration section */
		1D6058940D05DD3E006BFB54 /* Debug */ = {
			isa = XCBuildConfiguration;
			buildSettings = {
				ALWAYS_SEARCH_USER_PATHS = NO;
				CLANG_ENABLE_OBJC_ARC = YES;
				CODE_SIGN_ENTITLEMENTS = "$(SRCROOT)/Entitlements.plist";
				CODE_SIGN_IDENTITY = "iPhone Developer";
				"CODE_SIGN_IDENTITY[sdk=iphoneos*]" = "iPhone Developer";
				COPY_PHASE_STRIP = NO;
				GCC_DYNAMIC_NO_PIC = NO;
				GCC_OPTIMIZATION_LEVEL = 0;
				GCC_PRECOMPILE_PREFIX_HEADER = YES;
				GCC_PREFIX_HEADER = i48_Prefix.pch;
				GCC_THUMB_SUPPORT = NO;
				INFOPLIST_FILE = Info.plist;
				IPHONEOS_DEPLOYMENT_TARGET = 6.0;
				ONLY_ACTIVE_ARCH = NO;
				PRODUCT_BUNDLE_IDENTIFIER = com.automagicsoftware.i48;
				PRODUCT_NAME = i48;
				PROVISIONING_PROFILE = "";
				SDKROOT = iphoneos;
				VALID_ARCHS = "armv7 armv7s armv6 arm64";
			};
			name = Debug;
		};
		1D6058950D05DD3E006BFB54 /* Release */ = {
			isa = XCBuildConfiguration;
			buildSettings = {
				ALWAYS_SEARCH_USER_PATHS = NO;
				CLANG_ENABLE_OBJC_ARC = YES;
				CODE_SIGN_ENTITLEMENTS = "$(SRCROOT)/Entitlements.plist";
				CODE_SIGN_IDENTITY = "iPhone Developer";
				"CODE_SIGN_IDENTITY[sdk=iphoneos*]" = "iPhone Developer";
				COPY_PHASE_STRIP = YES;
				GCC_PRECOMPILE_PREFIX_HEADER = YES;
				GCC_PREFIX_HEADER = i48_Prefix.pch;
				GCC_THUMB_SUPPORT = NO;
				INFOPLIST_FILE = Info.plist;
				IPHONEOS_DEPLOYMENT_TARGET = 6.0;
				PRODUCT_BUNDLE_IDENTIFIER = com.automagicsoftware.i48;
				PRODUCT_NAME = i48;
				PROVISIONING_PROFILE = "";
				"PROVISIONING_PROFILE[sdk=iphoneos*]" = "";
				SDKROOT = iphoneos;
				VALID_ARCHS = "armv7 armv7s armv6 arm64";
			};
			name = Release;
		};
		6549BA4F10479BBD003A1C2D /* Distribution */ = {
			isa = XCBuildConfiguration;
			buildSettings = {
				CODE_SIGN_ENTITLEMENTS = Entitlements.plist;
				"CODE_SIGN_IDENTITY[sdk=iphoneos*]" = "iPhone Developer: Daniel Parnell (B4Z669Y8WX)";
				GCC_C_LANGUAGE_STANDARD = c99;
				GCC_THUMB_SUPPORT = NO;
				GCC_WARN_ABOUT_RETURN_TYPE = YES;
				GCC_WARN_UNUSED_VARIABLE = YES;
				IPHONEOS_DEPLOYMENT_TARGET = 6.0;
				"PROVISIONING_PROFILE[sdk=iphoneos*]" = "082EEDC4-1FF2-4FFD-BED3-1E4E38204BD1";
				SDKROOT = iphoneos;
				TARGETED_DEVICE_FAMILY = "1,2";
				VALID_ARCHS = "armv7 armv7s armv6";
			};
			name = Distribution;
		};
		6549BA5010479BBD003A1C2D /* Distribution */ = {
			isa = XCBuildConfiguration;
			buildSettings = {
				ALWAYS_SEARCH_USER_PATHS = NO;
				CLANG_ENABLE_OBJC_ARC = YES;
				CODE_SIGN_ENTITLEMENTS = "$(SRCROOT)/Entitlements.plist";
				CODE_SIGN_IDENTITY = "iPhone Developer";
				"CODE_SIGN_IDENTITY[sdk=iphoneos*]" = "iPhone Developer";
				COPY_PHASE_STRIP = YES;
				GCC_PRECOMPILE_PREFIX_HEADER = YES;
				GCC_PREFIX_HEADER = i48_Prefix.pch;
				GCC_THUMB_SUPPORT = NO;
				INFOPLIST_FILE = Info.plist;
				IPHONEOS_DEPLOYMENT_TARGET = 6.0;
				PRODUCT_BUNDLE_IDENTIFIER = com.automagicsoftware.i48;
				PRODUCT_NAME = i48;
				PROVISIONING_PROFILE = "";
				"PROVISIONING_PROFILE[sdk=iphoneos*]" = "";
				SDKROOT = iphoneos;
				VALIDATE_PRODUCT = YES;
				VALID_ARCHS = "armv7 armv7s armv6 arm64";
			};
			name = Distribution;
		};
		C01FCF4F08A954540054247B /* Debug */ = {
			isa = XCBuildConfiguration;
			buildSettings = {
				"CODE_SIGN_IDENTITY[sdk=iphoneos*]" = "iPhone Developer";
				ENABLE_TESTABILITY = YES;
				GCC_C_LANGUAGE_STANDARD = c99;
				GCC_THUMB_SUPPORT = NO;
				GCC_VERSION = "";
				GCC_WARN_ABOUT_RETURN_TYPE = YES;
				GCC_WARN_UNUSED_VARIABLE = YES;
				IPHONEOS_DEPLOYMENT_TARGET = 6.0;
				ONLY_ACTIVE_ARCH = YES;
				SDKROOT = iphoneos;
				TARGETED_DEVICE_FAMILY = "1,2";
				VALID_ARCHS = "armv7 armv7s armv6";
			};
			name = Debug;
		};
		C01FCF5008A954540054247B /* Release */ = {
			isa = XCBuildConfiguration;
			buildSettings = {
				"CODE_SIGN_IDENTITY[sdk=iphoneos*]" = "iPhone Developer";
				GCC_C_LANGUAGE_STANDARD = c99;
				GCC_THUMB_SUPPORT = NO;
				GCC_WARN_ABOUT_RETURN_TYPE = YES;
				GCC_WARN_UNUSED_VARIABLE = YES;
				IPHONEOS_DEPLOYMENT_TARGET = 6.0;
				SDKROOT = iphoneos;
				TARGETED_DEVICE_FAMILY = "1,2";
				VALID_ARCHS = "armv7 armv7s armv6";
			};
			name = Release;
		};
/* End XCBuildConfiguration section */

/* Begin XCConfigurationList section */
		1D6058960D05DD3E006BFB54 /* Build configuration list for PBXNativeTarget "i48" */ = {
			isa = XCConfigurationList;
			buildConfigurations = (
				1D6058940D05DD3E006BFB54 /* Debug */,
				1D6058950D05DD3E006BFB54 /* Release */,
				6549BA5010479BBD003A1C2D /* Distribution */,
			);
			defaultConfigurationIsVisible = 0;
			defaultConfigurationName = Release;
		};
		C01FCF4E08A954540054247B /* Build configuration list for PBXProject "i48" */ = {
			isa = XCConfigurationList;
			buildConfigurations = (
				C01FCF4F08A954540054247B /* Debug */,
				C01FCF5008A954540054247B /* Release */,
				6549BA4F10479BBD003A1C2D /* Distribution */,
			);
			defaultConfigurationIsVisible = 0;
			defaultConfigurationName = Release;
		};
/* End XCConfigurationList section */
	};
	rootObject = 29B97313FDCFA39411CA2CEA /* Project object */;
}
